<?xml version="1.0" encoding="utf-8"?>
<Project ToolsVersion="4.0" xmlns="http://schemas.microsoft.com/developer/msbuild/2003">
  <ItemGroup>
    <Filter Include="소스 파일">
      <UniqueIdentifier>{4FC737F1-C7A5-4376-A066-2A32D752A2FF}</UniqueIdentifier>
      <Extensions>cpp;c;cc;cxx;c++;cppm;ixx;def;odl;idl;hpj;bat;asm;asmx</Extensions>
    </Filter>
    <Filter Include="헤더 파일">
      <UniqueIdentifier>{93995380-89BD-4b04-88EB-625FBE52EBFB}</UniqueIdentifier>
      <Extensions>h;hh;hpp;hxx;h++;hm;inl;inc;ipp;xsd</Extensions>
    </Filter>
    <Filter Include="리소스 파일">
      <UniqueIdentifier>{67DA6AB6-F800-4c08-8B7A-83BB121AAD01}</UniqueIdentifier>
      <Extensions>rc;ico;cur;bmp;dlg;rc2;rct;bin;rgs;gif;jpg;jpeg;jpe;resx;tiff;tif;png;wav;mfcribbon-ms</Extensions>
    </Filter>
    <Filter Include="Object">
      <UniqueIdentifier>{e514510e-21c0-46d5-83ff-619dfc3e3c7a}</UniqueIdentifier>
    </Filter>
    <Filter Include="Object\Cube">
      <UniqueIdentifier>{a5a3c61b-27c2-45a0-ac54-fcb328720e26}</UniqueIdentifier>
    </Filter>
    <Filter Include="Object\Pyramid">
      <UniqueIdentifier>{d31f00ca-830a-45cc-aae0-95d058f4047a}</UniqueIdentifier>
    </Filter>
    <Filter Include="Object\Light">
      <UniqueIdentifier>{47704e9b-1e50-4da0-83fd-3b58a5c267be}</UniqueIdentifier>
    </Filter>
    <Filter Include="Object\Circle">
      <UniqueIdentifier>{161c2200-5fd6-454b-8c61-997cde0daedb}</UniqueIdentifier>
    </Filter>
  </ItemGroup>
  <ItemGroup>
    <ClCompile Include="22.cpp">
      <Filter>소스 파일</Filter>
    </ClCompile>
    <ClCompile Include="Draw.cpp">
      <Filter>소스 파일</Filter>
    </ClCompile>
    <ClCompile Include="Keyboard.cpp">
      <Filter>소스 파일</Filter>
    </ClCompile>
    <ClCompile Include="KeyboardUP.cpp">
      <Filter>소스 파일</Filter>
    </ClCompile>
    <ClCompile Include="Timer.cpp">
      <Filter>소스 파일</Filter>
    </ClCompile>
    <ClCompile Include="Cube.cpp">
      <Filter>Object\Cube</Filter>
    </ClCompile>
    <ClCompile Include="Mouse.cpp">
      <Filter>소스 파일</Filter>
    </ClCompile>
    <ClCompile Include="Pyramid.cpp">
      <Filter>Object\Pyramid</Filter>
    </ClCompile>
    <ClCompile Include="Object.cpp">
      <Filter>Object</Filter>
    </ClCompile>
    <ClCompile Include="Light.cpp">
      <Filter>Object\Light</Filter>
    </ClCompile>
    <ClCompile Include="Circle.cpp">
      <Filter>Object\Circle</Filter>
    </ClCompile>
  </ItemGroup>
  <ItemGroup>
    <ClInclude Include="Draw.h">
      <Filter>헤더 파일</Filter>
    </ClInclude>
    <ClInclude Include="Header.h">
      <Filter>헤더 파일</Filter>
    </ClInclude>
    <ClInclude Include="Keyboard.h">
      <Filter>헤더 파일</Filter>
    </ClInclude>
    <ClInclude Include="KeyboardUP.h">
      <Filter>헤더 파일</Filter>
    </ClInclude>
    <ClInclude Include="Cube.h">
      <Filter>Object\Cube</Filter>
    </ClInclude>
    <ClInclude Include="Mouse.h">
      <Filter>헤더 파일</Filter>
    </ClInclude>
    <ClInclude Include="Timer.h">
      <Filter>헤더 파일</Filter>
    </ClInclude>
    <ClInclude Include="Pyramid.h">
      <Filter>Object\Pyramid</Filter>
    </ClInclude>
    <ClInclude Include="Object.h">
      <Filter>Object</Filter>
    </ClInclude>
    <ClInclude Include="Light.h">
      <Filter>Object\Light</Filter>
    </ClInclude>
    <ClInclude Include="Circle.h">
      <Filter>Object\Circle</Filter>
    </ClInclude>
  </ItemGroup>
  <ItemGroup>
    <None Include="vertex.glsl">
      <Filter>리소스 파일</Filter>
    </None>
    <None Include="fragment.glsl">
      <Filter>리소스 파일</Filter>
    </None>
  </ItemGroup>
</Project>