
Microsoft Visual Studio Solution File, Format Version 12.00
# Visual Studio Version 17
VisualStudioVersion = 17.2.32519.379
MinimumVisualStudioVersion = 10.0.40219.1
Project("{8BC9CEB8-8B4A-11D0-8D11-00A0C91BC942}") = "12", "12\12.vcxproj", "{9584D574-CFE5-4C58-BE5E-39B33CA3195F}"
EndProject
Project("{8BC9CEB8-8B4A-11D0-8D11-00A0C91BC942}") = "OBJ 연습", "OBJ 연습\OBJ 연습.vcxproj", "{71CB1BA2-8AEE-4DF5-A407-C30B3666593C}"
EndProject
Project("{8BC9CEB8-8B4A-11D0-8D11-00A0C91BC942}") = "13", "13\13.vcxproj", "{3C4C1D70-215C-49FF-9280-D17654F20A16}"
EndProject
Project("{8BC9CEB8-8B4A-11D0-8D11-00A0C91BC942}") = "14", "14\14.vcxproj", "{5152FFCE-EAFE-4E9A-AA38-BBE0F19D40AE}"
EndProject
Project("{8BC9CEB8-8B4A-11D0-8D11-00A0C91BC942}") = "15", "15\15.vcxproj", "{8FC066E2-04CB-41DB-AF6E-3203160B8846}"
EndProject
Project("{8BC9CEB8-8B4A-11D0-8D11-00A0C91BC942}") = "16", "16\16.vcxproj", "{FC4D99B0-2BA8-417A-B653-3CEBEDB0E34C}"
EndProject
Project("{8BC9CEB8-8B4A-11D0-8D11-00A0C91BC942}") = "17", "17\17.vcxproj", "{10818A7C-4544-4D35-B855-B6F10C8BE15C}"
EndProject
Project("{8BC9CEB8-8B4A-11D0-8D11-00A0C91BC942}") = "18", "18\18.vcxproj", "{13F0BDE3-311E-41A7-9104-AA0AD3E33A94}"
EndProject
Project("{8BC9CEB8-8B4A-11D0-8D11-00A0C91BC942}") = "19", "19\19.vcxproj", "{49CBBBF5-C8A5-4782-82F0-95E55373E4B7}"
EndProject
Project("{8BC9CEB8-8B4A-11D0-8D11-00A0C91BC942}") = "20", "20\20.vcxproj", "{EA2446B4-48B9-4428-83D5-5509089CE6D0}"
EndProject
Project("{8BC9CEB8-8B4A-11D0-8D11-00A0C91BC942}") = "21", "21\21.vcxproj", "{51BFA300-F67B-43CB-BD80-C4DFF1307DBC}"
EndProject
Global
	GlobalSection(SolutionConfigurationPlatforms) = preSolution
		Debug|x64 = Debug|x64
		Debug|x86 = Debug|x86
		Release|x64 = Release|x64
		Release|x86 = Release|x86
	EndGlobalSection
	GlobalSection(ProjectConfigurationPlatforms) = postSolution
		{9584D574-CFE5-4C58-BE5E-39B33CA3195F}.Debug|x64.ActiveCfg = Debug|x64
		{9584D574-CFE5-4C58-BE5E-39B33CA3195F}.Debug|x64.Build.0 = Debug|x64
		{9584D574-CFE5-4C58-BE5E-39B33CA3195F}.Debug|x86.ActiveCfg = Debug|Win32
		{9584D574-CFE5-4C58-BE5E-39B33CA3195F}.Debug|x86.Build.0 = Debug|Win32
		{9584D574-CFE5-4C58-BE5E-39B33CA3195F}.Release|x64.ActiveCfg = Release|x64
		{9584D574-CFE5-4C58-BE5E-39B33CA3195F}.Release|x64.Build.0 = Release|x64
		{9584D574-CFE5-4C58-BE5E-39B33CA3195F}.Release|x86.ActiveCfg = Release|Win32
		{9584D574-CFE5-4C58-BE5E-39B33CA3195F}.Release|x86.Build.0 = Release|Win32
		{71CB1BA2-8AEE-4DF5-A407-C30B3666593C}.Debug|x64.ActiveCfg = Debug|x64
		{71CB1BA2-8AEE-4DF5-A407-C30B3666593C}.Debug|x64.Build.0 = Debug|x64
		{71CB1BA2-8AEE-4DF5-A407-C30B3666593C}.Debug|x86.ActiveCfg = Debug|Win32
		{71CB1BA2-8AEE-4DF5-A407-C30B3666593C}.Debug|x86.Build.0 = Debug|Win32
		{71CB1BA2-8AEE-4DF5-A407-C30B3666593C}.Release|x64.ActiveCfg = Release|x64
		{71CB1BA2-8AEE-4DF5-A407-C30B3666593C}.Release|x64.Build.0 = Release|x64
		{71CB1BA2-8AEE-4DF5-A407-C30B3666593C}.Release|x86.ActiveCfg = Release|Win32
		{71CB1BA2-8AEE-4DF5-A407-C30B3666593C}.Release|x86.Build.0 = Release|Win32
		{3C4C1D70-215C-49FF-9280-D17654F20A16}.Debug|x64.ActiveCfg = Debug|x64
		{3C4C1D70-215C-49FF-9280-D17654F20A16}.Debug|x64.Build.0 = Debug|x64
		{3C4C1D70-215C-49FF-9280-D17654F20A16}.Debug|x86.ActiveCfg = Debug|Win32
		{3C4C1D70-215C-49FF-9280-D17654F20A16}.Debug|x86.Build.0 = Debug|Win32
		{3C4C1D70-215C-49FF-9280-D17654F20A16}.Release|x64.ActiveCfg = Release|x64
		{3C4C1D70-215C-49FF-9280-D17654F20A16}.Release|x64.Build.0 = Release|x64
		{3C4C1D70-215C-49FF-9280-D17654F20A16}.Release|x86.ActiveCfg = Release|Win32
		{3C4C1D70-215C-49FF-9280-D17654F20A16}.Release|x86.Build.0 = Release|Win32
		{5152FFCE-EAFE-4E9A-AA38-BBE0F19D40AE}.Debug|x64.ActiveCfg = Debug|x64
		{5152FFCE-EAFE-4E9A-AA38-BBE0F19D40AE}.Debug|x64.Build.0 = Debug|x64
		{5152FFCE-EAFE-4E9A-AA38-BBE0F19D40AE}.Debug|x86.ActiveCfg = Debug|Win32
		{5152FFCE-EAFE-4E9A-AA38-BBE0F19D40AE}.Debug|x86.Build.0 = Debug|Win32
		{5152FFCE-EAFE-4E9A-AA38-BBE0F19D40AE}.Release|x64.ActiveCfg = Release|x64
		{5152FFCE-EAFE-4E9A-AA38-BBE0F19D40AE}.Release|x64.Build.0 = Release|x64
		{5152FFCE-EAFE-4E9A-AA38-BBE0F19D40AE}.Release|x86.ActiveCfg = Release|Win32
		{5152FFCE-EAFE-4E9A-AA38-BBE0F19D40AE}.Release|x86.Build.0 = Release|Win32
		{8FC066E2-04CB-41DB-AF6E-3203160B8846}.Debug|x64.ActiveCfg = Debug|x64
		{8FC066E2-04CB-41DB-AF6E-3203160B8846}.Debug|x64.Build.0 = Debug|x64
		{8FC066E2-04CB-41DB-AF6E-3203160B8846}.Debug|x86.ActiveCfg = Debug|Win32
		{8FC066E2-04CB-41DB-AF6E-3203160B8846}.Debug|x86.Build.0 = Debug|Win32
		{8FC066E2-04CB-41DB-AF6E-3203160B8846}.Release|x64.ActiveCfg = Release|x64
		{8FC066E2-04CB-41DB-AF6E-3203160B8846}.Release|x64.Build.0 = Release|x64
		{8FC066E2-04CB-41DB-AF6E-3203160B8846}.Release|x86.ActiveCfg = Release|Win32
		{8FC066E2-04CB-41DB-AF6E-3203160B8846}.Release|x86.Build.0 = Release|Win32
		{FC4D99B0-2BA8-417A-B653-3CEBEDB0E34C}.Debug|x64.ActiveCfg = Debug|x64
		{FC4D99B0-2BA8-417A-B653-3CEBEDB0E34C}.Debug|x64.Build.0 = Debug|x64
		{FC4D99B0-2BA8-417A-B653-3CEBEDB0E34C}.Debug|x86.ActiveCfg = Debug|Win32
		{FC4D99B0-2BA8-417A-B653-3CEBEDB0E34C}.Debug|x86.Build.0 = Debug|Win32
		{FC4D99B0-2BA8-417A-B653-3CEBEDB0E34C}.Release|x64.ActiveCfg = Release|x64
		{FC4D99B0-2BA8-417A-B653-3CEBEDB0E34C}.Release|x64.Build.0 = Release|x64
		{FC4D99B0-2BA8-417A-B653-3CEBEDB0E34C}.Release|x86.ActiveCfg = Release|Win32
		{FC4D99B0-2BA8-417A-B653-3CEBEDB0E34C}.Release|x86.Build.0 = Release|Win32
		{10818A7C-4544-4D35-B855-B6F10C8BE15C}.Debug|x64.ActiveCfg = Debug|x64
		{10818A7C-4544-4D35-B855-B6F10C8BE15C}.Debug|x64.Build.0 = Debug|x64
		{10818A7C-4544-4D35-B855-B6F10C8BE15C}.Debug|x86.ActiveCfg = Debug|Win32
		{10818A7C-4544-4D35-B855-B6F10C8BE15C}.Debug|x86.Build.0 = Debug|Win32
		{10818A7C-4544-4D35-B855-B6F10C8BE15C}.Release|x64.ActiveCfg = Release|x64
		{10818A7C-4544-4D35-B855-B6F10C8BE15C}.Release|x64.Build.0 = Release|x64
		{10818A7C-4544-4D35-B855-B6F10C8BE15C}.Release|x86.ActiveCfg = Release|Win32
		{10818A7C-4544-4D35-B855-B6F10C8BE15C}.Release|x86.Build.0 = Release|Win32
		{13F0BDE3-311E-41A7-9104-AA0AD3E33A94}.Debug|x64.ActiveCfg = Debug|x64
		{13F0BDE3-311E-41A7-9104-AA0AD3E33A94}.Debug|x64.Build.0 = Debug|x64
		{13F0BDE3-311E-41A7-9104-AA0AD3E33A94}.Debug|x86.ActiveCfg = Debug|Win32
		{13F0BDE3-311E-41A7-9104-AA0AD3E33A94}.Debug|x86.Build.0 = Debug|Win32
		{13F0BDE3-311E-41A7-9104-AA0AD3E33A94}.Release|x64.ActiveCfg = Release|x64
		{13F0BDE3-311E-41A7-9104-AA0AD3E33A94}.Release|x64.Build.0 = Release|x64
		{13F0BDE3-311E-41A7-9104-AA0AD3E33A94}.Release|x86.ActiveCfg = Release|Win32
		{13F0BDE3-311E-41A7-9104-AA0AD3E33A94}.Release|x86.Build.0 = Release|Win32
		{49CBBBF5-C8A5-4782-82F0-95E55373E4B7}.Debug|x64.ActiveCfg = Debug|x64
		{49CBBBF5-C8A5-4782-82F0-95E55373E4B7}.Debug|x64.Build.0 = Debug|x64
		{49CBBBF5-C8A5-4782-82F0-95E55373E4B7}.Debug|x86.ActiveCfg = Debug|Win32
		{49CBBBF5-C8A5-4782-82F0-95E55373E4B7}.Debug|x86.Build.0 = Debug|Win32
		{49CBBBF5-C8A5-4782-82F0-95E55373E4B7}.Release|x64.ActiveCfg = Release|x64
		{49CBBBF5-C8A5-4782-82F0-95E55373E4B7}.Release|x64.Build.0 = Release|x64
		{49CBBBF5-C8A5-4782-82F0-95E55373E4B7}.Release|x86.ActiveCfg = Release|Win32
		{49CBBBF5-C8A5-4782-82F0-95E55373E4B7}.Release|x86.Build.0 = Release|Win32
		{EA2446B4-48B9-4428-83D5-5509089CE6D0}.Debug|x64.ActiveCfg = Debug|x64
		{EA2446B4-48B9-4428-83D5-5509089CE6D0}.Debug|x64.Build.0 = Debug|x64
		{EA2446B4-48B9-4428-83D5-5509089CE6D0}.Debug|x86.ActiveCfg = Debug|Win32
		{EA2446B4-48B9-4428-83D5-5509089CE6D0}.Debug|x86.Build.0 = Debug|Win32
		{EA2446B4-48B9-4428-83D5-5509089CE6D0}.Release|x64.ActiveCfg = Release|x64
		{EA2446B4-48B9-4428-83D5-5509089CE6D0}.Release|x64.Build.0 = Release|x64
		{EA2446B4-48B9-4428-83D5-5509089CE6D0}.Release|x86.ActiveCfg = Release|Win32
		{EA2446B4-48B9-4428-83D5-5509089CE6D0}.Release|x86.Build.0 = Release|Win32
		{51BFA300-F67B-43CB-BD80-C4DFF1307DBC}.Debug|x64.ActiveCfg = Debug|x64
		{51BFA300-F67B-43CB-BD80-C4DFF1307DBC}.Debug|x64.Build.0 = Debug|x64
		{51BFA300-F67B-43CB-BD80-C4DFF1307DBC}.Debug|x86.ActiveCfg = Debug|Win32
		{51BFA300-F67B-43CB-BD80-C4DFF1307DBC}.Debug|x86.Build.0 = Debug|Win32
		{51BFA300-F67B-43CB-BD80-C4DFF1307DBC}.Release|x64.ActiveCfg = Release|x64
		{51BFA300-F67B-43CB-BD80-C4DFF1307DBC}.Release|x64.Build.0 = Release|x64
		{51BFA300-F67B-43CB-BD80-C4DFF1307DBC}.Release|x86.ActiveCfg = Release|Win32
		{51BFA300-F67B-43CB-BD80-C4DFF1307DBC}.Release|x86.Build.0 = Release|Win32
	EndGlobalSection
	GlobalSection(SolutionProperties) = preSolution
		HideSolutionNode = FALSE
	EndGlobalSection
	GlobalSection(ExtensibilityGlobals) = postSolution
		SolutionGuid = {16098B1B-273F-4EAE-AA2D-B4E2D269EA40}
	EndGlobalSection
EndGlobal
