
Microsoft Visual Studio Solution File, Format Version 12.00
# Visual Studio Version 17
VisualStudioVersion = 17.2.32519.379
MinimumVisualStudioVersion = 10.0.40219.1
Project("{8BC9CEB8-8B4A-11D0-8D11-00A0C91BC942}") = "6", "6\6.vcxproj", "{AAB6D667-BCF0-442B-BB0A-43D4084FFCB0}"
EndProject
Project("{8BC9CEB8-8B4A-11D0-8D11-00A0C91BC942}") = "점찍기", "점찍기\점찍기.vcxproj", "{975CF006-3BC5-4478-92A2-91A90F3250BB}"
EndProject
Project("{8BC9CEB8-8B4A-11D0-8D11-00A0C91BC942}") = "삼각형그리기", "삼각형그리기\삼각형그리기.vcxproj", "{4D80FEF0-B607-4CDE-BDB0-B508D4B1C280}"
EndProject
Project("{8BC9CEB8-8B4A-11D0-8D11-00A0C91BC942}") = "그라데이션삼각형", "그라데이션삼각형\그라데이션삼각형.vcxproj", "{2BA0E81F-293C-4B18-B6EF-6A196DF98BAF}"
EndProject
Project("{8BC9CEB8-8B4A-11D0-8D11-00A0C91BC942}") = "7", "7\7.vcxproj", "{00DCA96F-30EC-42A4-B045-54054E78CF24}"
EndProject
Project("{8BC9CEB8-8B4A-11D0-8D11-00A0C91BC942}") = "8", "8\8.vcxproj", "{DADD28E8-C973-4828-8B47-978F87E38FC5}"
EndProject
Project("{8BC9CEB8-8B4A-11D0-8D11-00A0C91BC942}") = "test", "test\test.vcxproj", "{8DC5AC05-D538-4196-B2C5-31EE8B1B4D4D}"
EndProject
Project("{8BC9CEB8-8B4A-11D0-8D11-00A0C91BC942}") = "testesat", "testesat\testesat.vcxproj", "{9B11970B-2C36-465E-AC89-CEA3F0816861}"
EndProject
Project("{8BC9CEB8-8B4A-11D0-8D11-00A0C91BC942}") = "9", "9\9.vcxproj", "{A148B1F1-997A-4DFD-984D-8669A43A35F7}"
EndProject
Project("{8BC9CEB8-8B4A-11D0-8D11-00A0C91BC942}") = "10", "10\10.vcxproj", "{79093451-8020-49CC-8AE3-4C5846736CF1}"
EndProject
Project("{8BC9CEB8-8B4A-11D0-8D11-00A0C91BC942}") = "11", "11\11.vcxproj", "{6F709605-2349-4F93-80BF-517C266459C1}"
EndProject
Global
	GlobalSection(SolutionConfigurationPlatforms) = preSolution
		Debug|x64 = Debug|x64
		Debug|x86 = Debug|x86
		Release|x64 = Release|x64
		Release|x86 = Release|x86
	EndGlobalSection
	GlobalSection(ProjectConfigurationPlatforms) = postSolution
		{AAB6D667-BCF0-442B-BB0A-43D4084FFCB0}.Debug|x64.ActiveCfg = Debug|x64
		{AAB6D667-BCF0-442B-BB0A-43D4084FFCB0}.Debug|x64.Build.0 = Debug|x64
		{AAB6D667-BCF0-442B-BB0A-43D4084FFCB0}.Debug|x86.ActiveCfg = Debug|Win32
		{AAB6D667-BCF0-442B-BB0A-43D4084FFCB0}.Debug|x86.Build.0 = Debug|Win32
		{AAB6D667-BCF0-442B-BB0A-43D4084FFCB0}.Release|x64.ActiveCfg = Release|x64
		{AAB6D667-BCF0-442B-BB0A-43D4084FFCB0}.Release|x64.Build.0 = Release|x64
		{AAB6D667-BCF0-442B-BB0A-43D4084FFCB0}.Release|x86.ActiveCfg = Release|Win32
		{AAB6D667-BCF0-442B-BB0A-43D4084FFCB0}.Release|x86.Build.0 = Release|Win32
		{975CF006-3BC5-4478-92A2-91A90F3250BB}.Debug|x64.ActiveCfg = Debug|x64
		{975CF006-3BC5-4478-92A2-91A90F3250BB}.Debug|x64.Build.0 = Debug|x64
		{975CF006-3BC5-4478-92A2-91A90F3250BB}.Debug|x86.ActiveCfg = Debug|Win32
		{975CF006-3BC5-4478-92A2-91A90F3250BB}.Debug|x86.Build.0 = Debug|Win32
		{975CF006-3BC5-4478-92A2-91A90F3250BB}.Release|x64.ActiveCfg = Release|x64
		{975CF006-3BC5-4478-92A2-91A90F3250BB}.Release|x64.Build.0 = Release|x64
		{975CF006-3BC5-4478-92A2-91A90F3250BB}.Release|x86.ActiveCfg = Release|Win32
		{975CF006-3BC5-4478-92A2-91A90F3250BB}.Release|x86.Build.0 = Release|Win32
		{4D80FEF0-B607-4CDE-BDB0-B508D4B1C280}.Debug|x64.ActiveCfg = Debug|x64
		{4D80FEF0-B607-4CDE-BDB0-B508D4B1C280}.Debug|x64.Build.0 = Debug|x64
		{4D80FEF0-B607-4CDE-BDB0-B508D4B1C280}.Debug|x86.ActiveCfg = Debug|Win32
		{4D80FEF0-B607-4CDE-BDB0-B508D4B1C280}.Debug|x86.Build.0 = Debug|Win32
		{4D80FEF0-B607-4CDE-BDB0-B508D4B1C280}.Release|x64.ActiveCfg = Release|x64
		{4D80FEF0-B607-4CDE-BDB0-B508D4B1C280}.Release|x64.Build.0 = Release|x64
		{4D80FEF0-B607-4CDE-BDB0-B508D4B1C280}.Release|x86.ActiveCfg = Release|Win32
		{4D80FEF0-B607-4CDE-BDB0-B508D4B1C280}.Release|x86.Build.0 = Release|Win32
		{2BA0E81F-293C-4B18-B6EF-6A196DF98BAF}.Debug|x64.ActiveCfg = Debug|x64
		{2BA0E81F-293C-4B18-B6EF-6A196DF98BAF}.Debug|x64.Build.0 = Debug|x64
		{2BA0E81F-293C-4B18-B6EF-6A196DF98BAF}.Debug|x86.ActiveCfg = Debug|Win32
		{2BA0E81F-293C-4B18-B6EF-6A196DF98BAF}.Debug|x86.Build.0 = Debug|Win32
		{2BA0E81F-293C-4B18-B6EF-6A196DF98BAF}.Release|x64.ActiveCfg = Release|x64
		{2BA0E81F-293C-4B18-B6EF-6A196DF98BAF}.Release|x64.Build.0 = Release|x64
		{2BA0E81F-293C-4B18-B6EF-6A196DF98BAF}.Release|x86.ActiveCfg = Release|Win32
		{2BA0E81F-293C-4B18-B6EF-6A196DF98BAF}.Release|x86.Build.0 = Release|Win32
		{00DCA96F-30EC-42A4-B045-54054E78CF24}.Debug|x64.ActiveCfg = Debug|x64
		{00DCA96F-30EC-42A4-B045-54054E78CF24}.Debug|x64.Build.0 = Debug|x64
		{00DCA96F-30EC-42A4-B045-54054E78CF24}.Debug|x86.ActiveCfg = Debug|Win32
		{00DCA96F-30EC-42A4-B045-54054E78CF24}.Debug|x86.Build.0 = Debug|Win32
		{00DCA96F-30EC-42A4-B045-54054E78CF24}.Release|x64.ActiveCfg = Release|x64
		{00DCA96F-30EC-42A4-B045-54054E78CF24}.Release|x64.Build.0 = Release|x64
		{00DCA96F-30EC-42A4-B045-54054E78CF24}.Release|x86.ActiveCfg = Release|Win32
		{00DCA96F-30EC-42A4-B045-54054E78CF24}.Release|x86.Build.0 = Release|Win32
		{DADD28E8-C973-4828-8B47-978F87E38FC5}.Debug|x64.ActiveCfg = Debug|x64
		{DADD28E8-C973-4828-8B47-978F87E38FC5}.Debug|x64.Build.0 = Debug|x64
		{DADD28E8-C973-4828-8B47-978F87E38FC5}.Debug|x86.ActiveCfg = Debug|Win32
		{DADD28E8-C973-4828-8B47-978F87E38FC5}.Debug|x86.Build.0 = Debug|Win32
		{DADD28E8-C973-4828-8B47-978F87E38FC5}.Release|x64.ActiveCfg = Release|x64
		{DADD28E8-C973-4828-8B47-978F87E38FC5}.Release|x64.Build.0 = Release|x64
		{DADD28E8-C973-4828-8B47-978F87E38FC5}.Release|x86.ActiveCfg = Release|Win32
		{DADD28E8-C973-4828-8B47-978F87E38FC5}.Release|x86.Build.0 = Release|Win32
		{8DC5AC05-D538-4196-B2C5-31EE8B1B4D4D}.Debug|x64.ActiveCfg = Debug|x64
		{8DC5AC05-D538-4196-B2C5-31EE8B1B4D4D}.Debug|x64.Build.0 = Debug|x64
		{8DC5AC05-D538-4196-B2C5-31EE8B1B4D4D}.Debug|x86.ActiveCfg = Debug|Win32
		{8DC5AC05-D538-4196-B2C5-31EE8B1B4D4D}.Debug|x86.Build.0 = Debug|Win32
		{8DC5AC05-D538-4196-B2C5-31EE8B1B4D4D}.Release|x64.ActiveCfg = Release|x64
		{8DC5AC05-D538-4196-B2C5-31EE8B1B4D4D}.Release|x64.Build.0 = Release|x64
		{8DC5AC05-D538-4196-B2C5-31EE8B1B4D4D}.Release|x86.ActiveCfg = Release|Win32
		{8DC5AC05-D538-4196-B2C5-31EE8B1B4D4D}.Release|x86.Build.0 = Release|Win32
		{9B11970B-2C36-465E-AC89-CEA3F0816861}.Debug|x64.ActiveCfg = Debug|x64
		{9B11970B-2C36-465E-AC89-CEA3F0816861}.Debug|x64.Build.0 = Debug|x64
		{9B11970B-2C36-465E-AC89-CEA3F0816861}.Debug|x86.ActiveCfg = Debug|Win32
		{9B11970B-2C36-465E-AC89-CEA3F0816861}.Debug|x86.Build.0 = Debug|Win32
		{9B11970B-2C36-465E-AC89-CEA3F0816861}.Release|x64.ActiveCfg = Release|x64
		{9B11970B-2C36-465E-AC89-CEA3F0816861}.Release|x64.Build.0 = Release|x64
		{9B11970B-2C36-465E-AC89-CEA3F0816861}.Release|x86.ActiveCfg = Release|Win32
		{9B11970B-2C36-465E-AC89-CEA3F0816861}.Release|x86.Build.0 = Release|Win32
		{A148B1F1-997A-4DFD-984D-8669A43A35F7}.Debug|x64.ActiveCfg = Debug|x64
		{A148B1F1-997A-4DFD-984D-8669A43A35F7}.Debug|x64.Build.0 = Debug|x64
		{A148B1F1-997A-4DFD-984D-8669A43A35F7}.Debug|x86.ActiveCfg = Debug|Win32
		{A148B1F1-997A-4DFD-984D-8669A43A35F7}.Debug|x86.Build.0 = Debug|Win32
		{A148B1F1-997A-4DFD-984D-8669A43A35F7}.Release|x64.ActiveCfg = Release|x64
		{A148B1F1-997A-4DFD-984D-8669A43A35F7}.Release|x64.Build.0 = Release|x64
		{A148B1F1-997A-4DFD-984D-8669A43A35F7}.Release|x86.ActiveCfg = Release|Win32
		{A148B1F1-997A-4DFD-984D-8669A43A35F7}.Release|x86.Build.0 = Release|Win32
		{79093451-8020-49CC-8AE3-4C5846736CF1}.Debug|x64.ActiveCfg = Debug|x64
		{79093451-8020-49CC-8AE3-4C5846736CF1}.Debug|x64.Build.0 = Debug|x64
		{79093451-8020-49CC-8AE3-4C5846736CF1}.Debug|x86.ActiveCfg = Debug|Win32
		{79093451-8020-49CC-8AE3-4C5846736CF1}.Debug|x86.Build.0 = Debug|Win32
		{79093451-8020-49CC-8AE3-4C5846736CF1}.Release|x64.ActiveCfg = Release|x64
		{79093451-8020-49CC-8AE3-4C5846736CF1}.Release|x64.Build.0 = Release|x64
		{79093451-8020-49CC-8AE3-4C5846736CF1}.Release|x86.ActiveCfg = Release|Win32
		{79093451-8020-49CC-8AE3-4C5846736CF1}.Release|x86.Build.0 = Release|Win32
		{6F709605-2349-4F93-80BF-517C266459C1}.Debug|x64.ActiveCfg = Debug|x64
		{6F709605-2349-4F93-80BF-517C266459C1}.Debug|x64.Build.0 = Debug|x64
		{6F709605-2349-4F93-80BF-517C266459C1}.Debug|x86.ActiveCfg = Debug|Win32
		{6F709605-2349-4F93-80BF-517C266459C1}.Debug|x86.Build.0 = Debug|Win32
		{6F709605-2349-4F93-80BF-517C266459C1}.Release|x64.ActiveCfg = Release|x64
		{6F709605-2349-4F93-80BF-517C266459C1}.Release|x64.Build.0 = Release|x64
		{6F709605-2349-4F93-80BF-517C266459C1}.Release|x86.ActiveCfg = Release|Win32
		{6F709605-2349-4F93-80BF-517C266459C1}.Release|x86.Build.0 = Release|Win32
	EndGlobalSection
	GlobalSection(SolutionProperties) = preSolution
		HideSolutionNode = FALSE
	EndGlobalSection
	GlobalSection(ExtensibilityGlobals) = postSolution
		SolutionGuid = {8894BD9B-9BD1-4409-87AA-0199EA8FC0DF}
	EndGlobalSection
EndGlobal
